lockfileVersion: 5.4

importers:

  .:
    specifiers: {}

  packages/package1:
    specifiers:
      '@trpc/client': ^10.23.0
      '@trpc/server': ^10.23.0
      '@types/node': ^18.16.3
      superjson: ^1.12.3
      typescript: ^4.7.4
      zod: ^3.21.4
    dependencies:
      '@trpc/client': 10.23.0_@trpc+server@10.23.0
      '@trpc/server': 10.23.0
      superjson: 1.12.3
      zod: 3.21.4
    devDependencies:
      '@types/node': 18.16.3
      typescript: 4.9.5

  packages/package2:
    specifiers:
      '@trpc/client': ^10.23.0
      '@trpc/server': ^10.23.0
      '@types/node': ^18.16.3
      package1: workspace:^1.0.0
      superjson: ^1.12.3
      typescript: ^4.7.4
      zod: ^3.21.4
    dependencies:
      '@trpc/client': 10.23.0_@trpc+server@10.23.0
      '@trpc/server': 10.23.0
      package1: link:../package1
      superjson: 1.12.3
      zod: 3.21.4
    devDependencies:
      '@types/node': 18.16.3
      typescript: 4.9.5

packages:

  /@trpc/client/10.23.0_@trpc+server@10.23.0:
    resolution: {integrity: sha512-7hTh9OjVIx4Co3kUyIu94SjbUIuS2WKl3E5BMseYbNOHfeY5rqwkCsw0N5EHWszhIVttUMDE0oCf10tNhYEq1A==}
    peerDependencies:
      '@trpc/server': 10.23.0
    dependencies:
      '@trpc/server': 10.23.0
    dev: false

  /@trpc/server/10.23.0:
    resolution: {integrity: sha512-0CPfGZK3v3gfAL8ylV5vDJVBQtPp47EB4Vgx6WItSXmwYQlLC39ZC3gkZ4I5cGpQKl4l3QrNNeUvIcse4hlMxA==}
    dev: false

  /@types/node/18.16.3:
    resolution: {integrity: sha512-OPs5WnnT1xkCBiuQrZA4+YAV4HEJejmHneyraIaxsbev5yCEr6KMwINNFP9wQeFIw8FWcoTqF3vQsa5CDaI+8Q==}
    dev: true

  /copy-anything/3.0.3:
    resolution: {integrity: sha512-fpW2W/BqEzqPp29QS+MwwfisHCQZtiduTe/m8idFo0xbti9fIZ2WVhAsCv4ggFVH3AgCkVdpoOCtQC6gBrdhjw==}
    engines: {node: '>=12.13'}
    dependencies:
      is-what: 4.1.8
    dev: false

  /is-what/4.1.8:
    resolution: {integrity: sha512-yq8gMao5upkPoGEU9LsB2P+K3Kt8Q3fQFCGyNCWOAnJAMzEXVV9drYb0TXr42TTliLLhKIBvulgAXgtLLnwzGA==}
    engines: {node: '>=12.13'}
    dev: false

  /superjson/1.12.3:
    resolution: {integrity: sha512-0j+U70KUtP8+roVPbwfqkyQI7lBt7ETnuA7KXbTDX3mCKiD/4fXs2ldKSMdt0MCfpTwiMxo20yFU3vu6ewETpQ==}
    engines: {node: '>=10'}
    dependencies:
      copy-anything: 3.0.3
    dev: false

  /typescript/4.9.5:
    resolution: {integrity: sha512-1FXk9E2Hm+QzZQ7z+McJiHL4NW1F2EzMu9Nq9i3zAaGqibafqYwCVU6WyWAuyQRRzOlxou8xZSyXLEN8oKj24g==}
    engines: {node: '>=4.2.0'}
    hasBin: true
    dev: true

  /zod/3.21.4:
    resolution: {integrity: sha512-m46AKbrzKVzOzs/DZgVnG5H55N1sv1M8qZU3A8RIKbs3mrACDNeIOeilDymVb2HdmP8uwshOCF4uJ8uM9rCqJw==}
    dev: false
